{
  "version": "4",
  "specifiers": {
    "jsr:@std/assert@1": "1.0.6",
    "jsr:@std/internal@^1.0.4": "1.0.4",
    "npm:@prisma/internals@^5.21.1": "5.21.1",
    "npm:idb@8": "8.0.0"
  },
  "jsr": {
    "@std/assert@1.0.6": {
      "integrity": "1904c05806a25d94fe791d6d883b685c9e2dcd60e4f9fc30f4fc5cf010c72207",
      "dependencies": [
        "jsr:@std/internal"
      ]
    },
    "@std/internal@1.0.4": {
      "integrity": "62e8e4911527e5e4f307741a795c0b0a9e6958d0b3790716ae71ce085f755422"
    }
  },
  "npm": {
    "@prisma/debug@5.21.1": {
      "integrity": "sha512-uY8SAhcnORhvgtOrNdvWS98Aq/nkQ9QDUxrWAgW8XrCZaI3j2X7zb7Xe6GQSh6xSesKffFbFlkw0c2luHQviZA=="
    },
    "@prisma/engines-version@5.21.1-1.bf0e5e8a04cada8225617067eaa03d041e2bba36": {
      "integrity": "sha512-qvnEflL0//lh44S/T9NcvTMxfyowNeUxTunPcDfKPjyJNrCNf2F1zQLcUv5UHAruECpX+zz21CzsC7V2xAeM7Q=="
    },
    "@prisma/engines@5.21.1": {
      "integrity": "sha512-hGVTldUkIkTwoV8//hmnAAiAchi4oMEKD3aW5H2RrnI50tTdwza7VQbTTAyN3OIHWlK5DVg6xV7X8N/9dtOydA==",
      "dependencies": [
        "@prisma/debug",
        "@prisma/engines-version",
        "@prisma/fetch-engine",
        "@prisma/get-platform"
      ]
    },
    "@prisma/fetch-engine@5.21.1": {
      "integrity": "sha512-70S31vgpCGcp9J+mh/wHtLCkVezLUqe/fGWk3J3JWZIN7prdYSlr1C0niaWUyNK2VflLXYi8kMjAmSxUVq6WGQ==",
      "dependencies": [
        "@prisma/debug",
        "@prisma/engines-version",
        "@prisma/get-platform"
      ]
    },
    "@prisma/generator-helper@5.21.1": {
      "integrity": "sha512-56+FLaNGO7uKIEjN5asV7L0cAWqTc+IoyFbtafYnzfvBS3HURgT+l9UGHrHfPO5EWFiot3my3UOJ/hGZfhNPbA==",
      "dependencies": [
        "@prisma/debug"
      ]
    },
    "@prisma/get-platform@5.21.1": {
      "integrity": "sha512-sRxjL3Igst3ct+e8ya/x//cDXmpLbZQ5vfps2N4tWl4VGKQAmym77C/IG/psSMsQKszc8uFC/q1dgmKFLUgXZQ==",
      "dependencies": [
        "@prisma/debug"
      ]
    },
    "@prisma/internals@5.21.1": {
      "integrity": "sha512-XCjJUUDBwT0ioLrTfUKA/YsVs5gtWtMisxRssGS5tgqVaVzc8XEY01avtYIzyhz8RDLn7QlecTQGHW+5J9+w6Q==",
      "dependencies": [
        "@prisma/debug",
        "@prisma/engines",
        "@prisma/fetch-engine",
        "@prisma/generator-helper",
        "@prisma/get-platform",
        "@prisma/prisma-schema-wasm",
        "@prisma/schema-files-loader",
        "arg",
        "prompts"
      ]
    },
    "@prisma/prisma-schema-wasm@5.21.1-1.bf0e5e8a04cada8225617067eaa03d041e2bba36": {
      "integrity": "sha512-JJnZ7A0CSW4SNFSWe2/GexJ/Z5s69+3UqbsBuGxJe7EQyVgw/hmskmhFmM4gccihh9PA2hlDip5kmraAfO7vSA=="
    },
    "@prisma/schema-files-loader@5.21.1": {
      "integrity": "sha512-rcZgI4rSq5tlieWQ5e+AfyjquwQ+d2vCecvbf9qvfcvs/Nw5FbjAPTLEx9l4g/iW4qgc0CTPLr19azD3npwHQw==",
      "dependencies": [
        "@prisma/prisma-schema-wasm",
        "fs-extra"
      ]
    },
    "arg@5.0.2": {
      "integrity": "sha512-PYjyFOLKQ9y57JvQ6QLo8dAgNqswh8M1RMJYdQduT6xbWSgK36P/Z/v+p888pM69jMMfS8Xd8F6I1kQ/I9HUGg=="
    },
    "fs-extra@11.1.1": {
      "integrity": "sha512-MGIE4HOvQCeUCzmlHs0vXpih4ysz4wg9qiSAu6cd42lVwPbTM1TjV7RusoyQqMmk/95gdQZX72u+YW+c3eEpFQ==",
      "dependencies": [
        "graceful-fs",
        "jsonfile",
        "universalify"
      ]
    },
    "graceful-fs@4.2.11": {
      "integrity": "sha512-RbJ5/jmFcNNCcDV5o9eTnBLJ/HszWV0P73bc+Ff4nS/rJj+YaS6IGyiOL0VoBYX+l1Wrl3k63h/KrH+nhJ0XvQ=="
    },
    "idb@8.0.0": {
      "integrity": "sha512-l//qvlAKGmQO31Qn7xdzagVPPaHTxXx199MhrAFuVBTPqydcPYBWjkrbv4Y0ktB+GmWOiwHl237UUOrLmQxLvw=="
    },
    "jsonfile@6.1.0": {
      "integrity": "sha512-5dgndWOriYSm5cnYaJNhalLNDKOqFwyDB/rr1E9ZsGciGvKPs8R2xYGCacuf3z6K1YKDz182fd+fY3cn3pMqXQ==",
      "dependencies": [
        "graceful-fs",
        "universalify"
      ]
    },
    "kleur@3.0.3": {
      "integrity": "sha512-eTIzlVOSUR+JxdDFepEYcBMtZ9Qqdef+rnzWdRZuMbOywu5tO2w2N7rqjoANZ5k9vywhL6Br1VRjUIgTQx4E8w=="
    },
    "prompts@2.4.2": {
      "integrity": "sha512-NxNv/kLguCA7p3jE8oL2aEBsrJWgAakBpgmgK6lpPWV+WuOmY6r2/zbAVnP+T8bQlA0nzHXSJSJW0Hq7ylaD2Q==",
      "dependencies": [
        "kleur",
        "sisteransi"
      ]
    },
    "sisteransi@1.0.5": {
      "integrity": "sha512-bLGGlR1QxBcynn2d5YmDX4MGjlZvy2MRBDRNHLJ8VI6l6+9FUiyTFNJ0IveOSP0bcXgVDPRcfGqA0pjaqUpfVg=="
    },
    "universalify@2.0.1": {
      "integrity": "sha512-gptHNQghINnc/vTGIk0SOFGFNXw7JVrlRUtConJRlvaw6DuX0wO5Jeko9sWrMBhh+PsYAZ7oXAiOnf/UKogyiw=="
    }
  },
  "workspace": {
    "dependencies": [
      "jsr:@std/assert@1",
      "npm:@prisma/internals@^5.21.1",
      "npm:idb@8"
    ]
  }
}
